
Microsoft Visual Studio Solution File, Format Version 12.00
# Visual Studio Version 17
VisualStudioVersion = 17.10.35122.118
MinimumVisualStudioVersion = 10.0.40219.1
Project("{FAE04EC0-301F-11D3-BF4B-00C04F79EFBC}") = "webBanVali", "webBanVali.csproj", "{A3F2D44C-D7A0-41B8-8CEB-EE89C357001E}"
EndProject
Global
	GlobalSection(SolutionConfigurationPlatforms) = preSolution
		Debug|Any CPU = Debug|Any CPU
		Release|Any CPU = Release|Any CPU
	EndGlobalSection
	GlobalSection(ProjectConfigurationPlatforms) = postSolution
		{A3F2D44C-D7A0-41B8-8CEB-EE89C357001E}.Debug|Any CPU.ActiveCfg = Debug|Any CPU
		{A3F2D44C-D7A0-41B8-8CEB-EE89C357001E}.Debug|Any CPU.Build.0 = Debug|Any CPU
		{A3F2D44C-D7A0-41B8-8CEB-EE89C357001E}.Release|Any CPU.ActiveCfg = Release|Any CPU
		{A3F2D44C-D7A0-41B8-8CEB-EE89C357001E}.Release|Any CPU.Build.0 = Release|Any CPU
	EndGlobalSection
	GlobalSection(SolutionProperties) = preSolution
		HideSolutionNode = FALSE
	EndGlobalSection
	GlobalSection(ExtensibilityGlobals) = postSolution
		SolutionGuid = {3EF235CA-ABF8-4FB0-A929-42A749AE26CA}
	EndGlobalSection
EndGlobal
